
Microsoft Visual Studio Solution File, Format Version 12.00
# Visual Studio Version 17
VisualStudioVersion = 17.4.33205.214
MinimumVisualStudioVersion = 10.0.40219.1
Project("{FAE04EC0-301F-11D3-BF4B-00C04F79EFBC}") = "BOL", "BOL\BOL.csproj", "{3430A637-C736-4644-A361-B310FFC4F353}"
EndProject
Project("{FAE04EC0-301F-11D3-BF4B-00C04F79EFBC}") = "BLL", "BLL\BLL.csproj", "{28B6C43E-E6FC-43E2-BADD-94C79581DAC2}"
EndProject
Project("{FAE04EC0-301F-11D3-BF4B-00C04F79EFBC}") = "DAL", "DAL\DAL.csproj", "{A85694CC-5577-41C7-B900-EE27A7B30D5D}"
EndProject
Project("{FAE04EC0-301F-11D3-BF4B-00C04F79EFBC}") = "XmlLoader", "XmlLoader\XmlLoader.csproj", "{57D95451-22CA-4E68-92A0-08A75F2CB031}"
EndProject
Global
	GlobalSection(SolutionConfigurationPlatforms) = preSolution
		Debug|Any CPU = Debug|Any CPU
		Release|Any CPU = Release|Any CPU
	EndGlobalSection
	GlobalSection(ProjectConfigurationPlatforms) = postSolution
		{3430A637-C736-4644-A361-B310FFC4F353}.Debug|Any CPU.ActiveCfg = Debug|Any CPU
		{3430A637-C736-4644-A361-B310FFC4F353}.Debug|Any CPU.Build.0 = Debug|Any CPU
		{3430A637-C736-4644-A361-B310FFC4F353}.Release|Any CPU.ActiveCfg = Release|Any CPU
		{3430A637-C736-4644-A361-B310FFC4F353}.Release|Any CPU.Build.0 = Release|Any CPU
		{28B6C43E-E6FC-43E2-BADD-94C79581DAC2}.Debug|Any CPU.ActiveCfg = Debug|Any CPU
		{28B6C43E-E6FC-43E2-BADD-94C79581DAC2}.Debug|Any CPU.Build.0 = Debug|Any CPU
		{28B6C43E-E6FC-43E2-BADD-94C79581DAC2}.Release|Any CPU.ActiveCfg = Release|Any CPU
		{28B6C43E-E6FC-43E2-BADD-94C79581DAC2}.Release|Any CPU.Build.0 = Release|Any CPU
		{A85694CC-5577-41C7-B900-EE27A7B30D5D}.Debug|Any CPU.ActiveCfg = Debug|Any CPU
		{A85694CC-5577-41C7-B900-EE27A7B30D5D}.Debug|Any CPU.Build.0 = Debug|Any CPU
		{A85694CC-5577-41C7-B900-EE27A7B30D5D}.Release|Any CPU.ActiveCfg = Release|Any CPU
		{A85694CC-5577-41C7-B900-EE27A7B30D5D}.Release|Any CPU.Build.0 = Release|Any CPU
		{57D95451-22CA-4E68-92A0-08A75F2CB031}.Debug|Any CPU.ActiveCfg = Debug|Any CPU
		{57D95451-22CA-4E68-92A0-08A75F2CB031}.Debug|Any CPU.Build.0 = Debug|Any CPU
		{57D95451-22CA-4E68-92A0-08A75F2CB031}.Release|Any CPU.ActiveCfg = Release|Any CPU
		{57D95451-22CA-4E68-92A0-08A75F2CB031}.Release|Any CPU.Build.0 = Release|Any CPU
	EndGlobalSection
	GlobalSection(SolutionProperties) = preSolution
		HideSolutionNode = FALSE
	EndGlobalSection
	GlobalSection(ExtensibilityGlobals) = postSolution
		SolutionGuid = {2CB883EC-5F04-4445-86DB-1174C6F50AC4}
	EndGlobalSection
EndGlobal
